<?xml version="1.0" encoding="utf-8"?>
<Project ToolsVersion="4.0" xmlns="http://schemas.microsoft.com/developer/msbuild/2003">
  <ItemGroup>
    <Filter Include="Source Files">
      <UniqueIdentifier>{4FC737F1-C7A5-4376-A066-2A32D752A2FF}</UniqueIdentifier>
      <Extensions>cpp;c;cc;cxx;c++;cppm;ixx;def;odl;idl;hpj;bat;asm;asmx</Extensions>
    </Filter>
    <Filter Include="Header Files">
      <UniqueIdentifier>{93995380-89BD-4b04-88EB-625FBE52EBFB}</UniqueIdentifier>
      <Extensions>h;hh;hpp;hxx;h++;hm;inl;inc;ipp;xsd</Extensions>
    </Filter>
    <Filter Include="Resource Files">
      <UniqueIdentifier>{67DA6AB6-F800-4c08-8B7A-83BB121AAD01}</UniqueIdentifier>
      <Extensions>rc;ico;cur;bmp;dlg;rc2;rct;bin;rgs;gif;jpg;jpeg;jpe;resx;tiff;tif;png;wav;mfcribbon-ms</Extensions>
    </Filter>
    <Filter Include="Source Files\objectSystem">
      <UniqueIdentifier>{9c1ab58b-87f1-42e0-a4c0-10dae7530fac}</UniqueIdentifier>
    </Filter>
    <Filter Include="Source Files\objectSystem\Component">
      <UniqueIdentifier>{eb580c5d-82be-406e-8414-5b99e80cfc4c}</UniqueIdentifier>
    </Filter>
    <Filter Include="Source Files\imgRenderer">
      <UniqueIdentifier>{2c3a8d96-081d-42cf-90c8-20ceef54da43}</UniqueIdentifier>
    </Filter>
    <Filter Include="Source Files\RayCasting">
      <UniqueIdentifier>{18605388-46ec-431c-9208-67da83f6653b}</UniqueIdentifier>
    </Filter>
  </ItemGroup>
  <ItemGroup>
    <ClCompile Include="main.cpp">
      <Filter>Source Files</Filter>
    </ClCompile>
    <ClCompile Include="wClass.cpp">
      <Filter>Source Files</Filter>
    </ClCompile>
    <ClCompile Include="scene.cpp">
      <Filter>Source Files</Filter>
    </ClCompile>
    <ClCompile Include="Source.cpp">
      <Filter>Source Files</Filter>
    </ClCompile>
    <ClCompile Include="player.cpp">
      <Filter>Source Files</Filter>
    </ClCompile>
    <ClCompile Include="imgRenderer.cpp">
      <Filter>Source Files</Filter>
    </ClCompile>
  </ItemGroup>
  <ItemGroup>
    <ClInclude Include="wClass.h">
      <Filter>Header Files</Filter>
    </ClInclude>
    <ClInclude Include="objectManager.h">
      <Filter>Source Files\objectSystem</Filter>
    </ClInclude>
    <ClInclude Include="scene.h">
      <Filter>Header Files</Filter>
    </ClInclude>
    <ClInclude Include="imgRenderer.h">
      <Filter>Header Files</Filter>
    </ClInclude>
    <ClInclude Include="RayCasting.h">
      <Filter>Source Files\RayCasting</Filter>
    </ClInclude>
  </ItemGroup>
</Project>